
Microsoft Visual Studio Solution File, Format Version 12.00
# Visual Studio Version 17
VisualStudioVersion = 17.5.33516.290
MinimumVisualStudioVersion = 10.0.40219.1
Project("{FAE04EC0-301F-11D3-BF4B-00C04F79EFBC}") = "MapperlyDemo", "MapperlyDemo\MapperlyDemo.csproj", "{5ED2F521-182E-44F9-9941-E667BBEACF31}"
EndProject
Global
	GlobalSection(SolutionConfigurationPlatforms) = preSolution
		Debug|Any CPU = Debug|Any CPU
		Release|Any CPU = Release|Any CPU
	EndGlobalSection
	GlobalSection(ProjectConfigurationPlatforms) = postSolution
		{5ED2F521-182E-44F9-9941-E667BBEACF31}.Debug|Any CPU.ActiveCfg = Debug|Any CPU
		{5ED2F521-182E-44F9-9941-E667BBEACF31}.Debug|Any CPU.Build.0 = Debug|Any CPU
		{5ED2F521-182E-44F9-9941-E667BBEACF31}.Release|Any CPU.ActiveCfg = Release|Any CPU
		{5ED2F521-182E-44F9-9941-E667BBEACF31}.Release|Any CPU.Build.0 = Release|Any CPU
	EndGlobalSection
	GlobalSection(SolutionProperties) = preSolution
		HideSolutionNode = FALSE
	EndGlobalSection
	GlobalSection(ExtensibilityGlobals) = postSolution
		SolutionGuid = {BF2C3940-DE48-4931-9D15-857D4FA79ADB}
	EndGlobalSection
EndGlobal
